
Microsoft Visual Studio Solution File, Format Version 12.00
# Visual Studio Version 16
VisualStudioVersion = 16.0.30907.101
MinimumVisualStudioVersion = 10.0.40219.1
Project("{9A19103F-16F7-4668-BE54-9A1E7A4F7556}") = "Kampintro", "Kampintro\Kampintro.csproj", "{38334C8D-C1DB-461B-904C-19C09889F630}"
EndProject
Project("{9A19103F-16F7-4668-BE54-9A1E7A4F7556}") = "Donguler", "Donguler\Donguler.csproj", "{953E98CC-8806-483B-BB4A-94C0CE8ACDC1}"
EndProject
Project("{9A19103F-16F7-4668-BE54-9A1E7A4F7556}") = "ClassIntro", "ClassIntro\ClassIntro.csproj", "{C759724A-0E67-4967-A472-D1634ED1055E}"
EndProject
Project("{9A19103F-16F7-4668-BE54-9A1E7A4F7556}") = "Metodlar", "Metodlar\Metodlar.csproj", "{09CCD2FF-E0C4-47F9-8667-0988B52626E6}"
EndProject
Project("{9A19103F-16F7-4668-BE54-9A1E7A4F7556}") = "Matematik", "Matematik\Matematik.csproj", "{3A3B4ABE-BE53-4727-92B0-DD45CED92E86}"
EndProject
Project("{9A19103F-16F7-4668-BE54-9A1E7A4F7556}") = "DegerVeReferansTipler", "DegerVeReferansTipler\DegerVeReferansTipler.csproj", "{36EF6459-F204-4645-90D7-56BC2A07438F}"
EndProject
Project("{9A19103F-16F7-4668-BE54-9A1E7A4F7556}") = "TypesAndVariables", "TypesAndVariables\TypesAndVariables.csproj", "{D7AE9B26-740B-4406-AD49-1E194957E7D0}"
EndProject
Project("{9A19103F-16F7-4668-BE54-9A1E7A4F7556}") = "Conditionals", "Conditionals\Conditionals.csproj", "{07EE124C-07E7-4339-83D5-E0A7C157355A}"
EndProject
Project("{FAE04EC0-301F-11D3-BF4B-00C04F79EFBC}") = "Medhods", "Medhods\Medhods.csproj", "{05DA1F5D-150C-4213-83AA-5C0730F4FCA3}"
EndProject
Project("{FAE04EC0-301F-11D3-BF4B-00C04F79EFBC}") = "Arrays", "Arrays\Arrays.csproj", "{A3818B14-D024-4E1E-BEC0-F46DCA62D7E2}"
EndProject
Project("{FAE04EC0-301F-11D3-BF4B-00C04F79EFBC}") = "OOP1", "OOP1\OOP1.csproj", "{3E02B5BA-0B04-4956-B2A8-D7F48F2153EE}"
EndProject
Project("{FAE04EC0-301F-11D3-BF4B-00C04F79EFBC}") = "Koleksiyonlar", "Koleksiyonlar\Koleksiyonlar.csproj", "{7464529F-6D1D-41B7-9AEC-D44B4DDF9A89}"
EndProject
Project("{FAE04EC0-301F-11D3-BF4B-00C04F79EFBC}") = "GenericsIntro", "GenericsIntro\GenericsIntro.csproj", "{417D3A0A-904B-40E7-8F67-0ED72A1AA80A}"
EndProject
Global
	GlobalSection(SolutionConfigurationPlatforms) = preSolution
		Debug|Any CPU = Debug|Any CPU
		Release|Any CPU = Release|Any CPU
	EndGlobalSection
	GlobalSection(ProjectConfigurationPlatforms) = postSolution
		{38334C8D-C1DB-461B-904C-19C09889F630}.Debug|Any CPU.ActiveCfg = Debug|Any CPU
		{38334C8D-C1DB-461B-904C-19C09889F630}.Debug|Any CPU.Build.0 = Debug|Any CPU
		{38334C8D-C1DB-461B-904C-19C09889F630}.Release|Any CPU.ActiveCfg = Release|Any CPU
		{38334C8D-C1DB-461B-904C-19C09889F630}.Release|Any CPU.Build.0 = Release|Any CPU
		{953E98CC-8806-483B-BB4A-94C0CE8ACDC1}.Debug|Any CPU.ActiveCfg = Debug|Any CPU
		{953E98CC-8806-483B-BB4A-94C0CE8ACDC1}.Debug|Any CPU.Build.0 = Debug|Any CPU
		{953E98CC-8806-483B-BB4A-94C0CE8ACDC1}.Release|Any CPU.ActiveCfg = Release|Any CPU
		{953E98CC-8806-483B-BB4A-94C0CE8ACDC1}.Release|Any CPU.Build.0 = Release|Any CPU
		{C759724A-0E67-4967-A472-D1634ED1055E}.Debug|Any CPU.ActiveCfg = Debug|Any CPU
		{C759724A-0E67-4967-A472-D1634ED1055E}.Debug|Any CPU.Build.0 = Debug|Any CPU
		{C759724A-0E67-4967-A472-D1634ED1055E}.Release|Any CPU.ActiveCfg = Release|Any CPU
		{C759724A-0E67-4967-A472-D1634ED1055E}.Release|Any CPU.Build.0 = Release|Any CPU
		{09CCD2FF-E0C4-47F9-8667-0988B52626E6}.Debug|Any CPU.ActiveCfg = Debug|Any CPU
		{09CCD2FF-E0C4-47F9-8667-0988B52626E6}.Debug|Any CPU.Build.0 = Debug|Any CPU
		{09CCD2FF-E0C4-47F9-8667-0988B52626E6}.Release|Any CPU.ActiveCfg = Release|Any CPU
		{09CCD2FF-E0C4-47F9-8667-0988B52626E6}.Release|Any CPU.Build.0 = Release|Any CPU
		{3A3B4ABE-BE53-4727-92B0-DD45CED92E86}.Debug|Any CPU.ActiveCfg = Debug|Any CPU
		{3A3B4ABE-BE53-4727-92B0-DD45CED92E86}.Debug|Any CPU.Build.0 = Debug|Any CPU
		{3A3B4ABE-BE53-4727-92B0-DD45CED92E86}.Release|Any CPU.ActiveCfg = Release|Any CPU
		{3A3B4ABE-BE53-4727-92B0-DD45CED92E86}.Release|Any CPU.Build.0 = Release|Any CPU
		{36EF6459-F204-4645-90D7-56BC2A07438F}.Debug|Any CPU.ActiveCfg = Debug|Any CPU
		{36EF6459-F204-4645-90D7-56BC2A07438F}.Debug|Any CPU.Build.0 = Debug|Any CPU
		{36EF6459-F204-4645-90D7-56BC2A07438F}.Release|Any CPU.ActiveCfg = Release|Any CPU
		{36EF6459-F204-4645-90D7-56BC2A07438F}.Release|Any CPU.Build.0 = Release|Any CPU
		{D7AE9B26-740B-4406-AD49-1E194957E7D0}.Debug|Any CPU.ActiveCfg = Debug|Any CPU
		{D7AE9B26-740B-4406-AD49-1E194957E7D0}.Debug|Any CPU.Build.0 = Debug|Any CPU
		{D7AE9B26-740B-4406-AD49-1E194957E7D0}.Release|Any CPU.ActiveCfg = Release|Any CPU
		{D7AE9B26-740B-4406-AD49-1E194957E7D0}.Release|Any CPU.Build.0 = Release|Any CPU
		{07EE124C-07E7-4339-83D5-E0A7C157355A}.Debug|Any CPU.ActiveCfg = Debug|Any CPU
		{07EE124C-07E7-4339-83D5-E0A7C157355A}.Debug|Any CPU.Build.0 = Debug|Any CPU
		{07EE124C-07E7-4339-83D5-E0A7C157355A}.Release|Any CPU.ActiveCfg = Release|Any CPU
		{07EE124C-07E7-4339-83D5-E0A7C157355A}.Release|Any CPU.Build.0 = Release|Any CPU
		{05DA1F5D-150C-4213-83AA-5C0730F4FCA3}.Debug|Any CPU.ActiveCfg = Debug|Any CPU
		{05DA1F5D-150C-4213-83AA-5C0730F4FCA3}.Debug|Any CPU.Build.0 = Debug|Any CPU
		{05DA1F5D-150C-4213-83AA-5C0730F4FCA3}.Release|Any CPU.ActiveCfg = Release|Any CPU
		{05DA1F5D-150C-4213-83AA-5C0730F4FCA3}.Release|Any CPU.Build.0 = Release|Any CPU
		{A3818B14-D024-4E1E-BEC0-F46DCA62D7E2}.Debug|Any CPU.ActiveCfg = Debug|Any CPU
		{A3818B14-D024-4E1E-BEC0-F46DCA62D7E2}.Debug|Any CPU.Build.0 = Debug|Any CPU
		{A3818B14-D024-4E1E-BEC0-F46DCA62D7E2}.Release|Any CPU.ActiveCfg = Release|Any CPU
		{A3818B14-D024-4E1E-BEC0-F46DCA62D7E2}.Release|Any CPU.Build.0 = Release|Any CPU
		{3E02B5BA-0B04-4956-B2A8-D7F48F2153EE}.Debug|Any CPU.ActiveCfg = Debug|Any CPU
		{3E02B5BA-0B04-4956-B2A8-D7F48F2153EE}.Debug|Any CPU.Build.0 = Debug|Any CPU
		{3E02B5BA-0B04-4956-B2A8-D7F48F2153EE}.Release|Any CPU.ActiveCfg = Release|Any CPU
		{3E02B5BA-0B04-4956-B2A8-D7F48F2153EE}.Release|Any CPU.Build.0 = Release|Any CPU
		{7464529F-6D1D-41B7-9AEC-D44B4DDF9A89}.Debug|Any CPU.ActiveCfg = Debug|Any CPU
		{7464529F-6D1D-41B7-9AEC-D44B4DDF9A89}.Debug|Any CPU.Build.0 = Debug|Any CPU
		{7464529F-6D1D-41B7-9AEC-D44B4DDF9A89}.Release|Any CPU.ActiveCfg = Release|Any CPU
		{7464529F-6D1D-41B7-9AEC-D44B4DDF9A89}.Release|Any CPU.Build.0 = Release|Any CPU
		{417D3A0A-904B-40E7-8F67-0ED72A1AA80A}.Debug|Any CPU.ActiveCfg = Debug|Any CPU
		{417D3A0A-904B-40E7-8F67-0ED72A1AA80A}.Debug|Any CPU.Build.0 = Debug|Any CPU
		{417D3A0A-904B-40E7-8F67-0ED72A1AA80A}.Release|Any CPU.ActiveCfg = Release|Any CPU
		{417D3A0A-904B-40E7-8F67-0ED72A1AA80A}.Release|Any CPU.Build.0 = Release|Any CPU
	EndGlobalSection
	GlobalSection(SolutionProperties) = preSolution
		HideSolutionNode = FALSE
	EndGlobalSection
	GlobalSection(ExtensibilityGlobals) = postSolution
		SolutionGuid = {061192C6-D107-4EC8-9B04-126BA2C8A3E5}
	EndGlobalSection
EndGlobal
